
Microsoft Visual Studio Solution File, Format Version 12.00
# Visual Studio Version 16
VisualStudioVersion = 16.0.29009.5
MinimumVisualStudioVersion = 10.0.40219.1
Project("{9A19103F-16F7-4668-BE54-9A1E7A4F7556}") = "Server", "ServerMain\Server.csproj", "{739E4A66-D387-4EA2-9013-1E8255517A1A}"
EndProject
Project("{9A19103F-16F7-4668-BE54-9A1E7A4F7556}") = "DataModel", "GameModel\DataModel.csproj", "{49967A8D-1550-49A6-8384-24F7FFAEE4E3}"
EndProject
Project("{9A19103F-16F7-4668-BE54-9A1E7A4F7556}") = "DataModel.Tests", "GameModelTests\DataModel.Tests.csproj", "{121D8B09-1C9F-4648-94E0-E8A0A7F29635}"
EndProject
Project("{9A19103F-16F7-4668-BE54-9A1E7A4F7556}") = "ServerTests", "ServerTests\ServerTests.csproj", "{807062E2-797D-411B-ACA6-AE1B43F33056}"
EndProject
Project("{9A19103F-16F7-4668-BE54-9A1E7A4F7556}") = "NetworkManager", "NetworkManager\NetworkManager.csproj", "{2B61DD46-B33D-4AB0-8529-5697F31A6AA0}"
EndProject
Project("{9A19103F-16F7-4668-BE54-9A1E7A4F7556}") = "NetworkManagerTests", "NetworkManagerTests\NetworkManagerTests.csproj", "{5D3A9F01-B172-41B2-96AC-0FB775916AA8}"
EndProject
Global
	GlobalSection(SolutionConfigurationPlatforms) = preSolution
		Debug|Any CPU = Debug|Any CPU
		Release|Any CPU = Release|Any CPU
	EndGlobalSection
	GlobalSection(ProjectConfigurationPlatforms) = postSolution
		{739E4A66-D387-4EA2-9013-1E8255517A1A}.Debug|Any CPU.ActiveCfg = Debug|Any CPU
		{739E4A66-D387-4EA2-9013-1E8255517A1A}.Debug|Any CPU.Build.0 = Debug|Any CPU
		{739E4A66-D387-4EA2-9013-1E8255517A1A}.Release|Any CPU.ActiveCfg = Release|Any CPU
		{739E4A66-D387-4EA2-9013-1E8255517A1A}.Release|Any CPU.Build.0 = Release|Any CPU
		{49967A8D-1550-49A6-8384-24F7FFAEE4E3}.Debug|Any CPU.ActiveCfg = Debug|Any CPU
		{49967A8D-1550-49A6-8384-24F7FFAEE4E3}.Debug|Any CPU.Build.0 = Debug|Any CPU
		{49967A8D-1550-49A6-8384-24F7FFAEE4E3}.Release|Any CPU.ActiveCfg = Release|Any CPU
		{49967A8D-1550-49A6-8384-24F7FFAEE4E3}.Release|Any CPU.Build.0 = Release|Any CPU
		{121D8B09-1C9F-4648-94E0-E8A0A7F29635}.Debug|Any CPU.ActiveCfg = Debug|Any CPU
		{121D8B09-1C9F-4648-94E0-E8A0A7F29635}.Debug|Any CPU.Build.0 = Debug|Any CPU
		{121D8B09-1C9F-4648-94E0-E8A0A7F29635}.Release|Any CPU.ActiveCfg = Release|Any CPU
		{121D8B09-1C9F-4648-94E0-E8A0A7F29635}.Release|Any CPU.Build.0 = Release|Any CPU
		{807062E2-797D-411B-ACA6-AE1B43F33056}.Debug|Any CPU.ActiveCfg = Debug|Any CPU
		{807062E2-797D-411B-ACA6-AE1B43F33056}.Debug|Any CPU.Build.0 = Debug|Any CPU
		{807062E2-797D-411B-ACA6-AE1B43F33056}.Release|Any CPU.ActiveCfg = Release|Any CPU
		{807062E2-797D-411B-ACA6-AE1B43F33056}.Release|Any CPU.Build.0 = Release|Any CPU
		{2B61DD46-B33D-4AB0-8529-5697F31A6AA0}.Debug|Any CPU.ActiveCfg = Debug|Any CPU
		{2B61DD46-B33D-4AB0-8529-5697F31A6AA0}.Debug|Any CPU.Build.0 = Debug|Any CPU
		{2B61DD46-B33D-4AB0-8529-5697F31A6AA0}.Release|Any CPU.ActiveCfg = Release|Any CPU
		{2B61DD46-B33D-4AB0-8529-5697F31A6AA0}.Release|Any CPU.Build.0 = Release|Any CPU
		{5D3A9F01-B172-41B2-96AC-0FB775916AA8}.Debug|Any CPU.ActiveCfg = Debug|Any CPU
		{5D3A9F01-B172-41B2-96AC-0FB775916AA8}.Debug|Any CPU.Build.0 = Debug|Any CPU
		{5D3A9F01-B172-41B2-96AC-0FB775916AA8}.Release|Any CPU.ActiveCfg = Release|Any CPU
		{5D3A9F01-B172-41B2-96AC-0FB775916AA8}.Release|Any CPU.Build.0 = Release|Any CPU
	EndGlobalSection
	GlobalSection(SolutionProperties) = preSolution
		HideSolutionNode = FALSE
	EndGlobalSection
	GlobalSection(ExtensibilityGlobals) = postSolution
		SolutionGuid = {92EABE4C-B182-4041-9602-9E02E4230DA4}
	EndGlobalSection
EndGlobal
