
Microsoft Visual Studio Solution File, Format Version 12.00
# Visual Studio Version 16
VisualStudioVersion = 16.0.29009.5
MinimumVisualStudioVersion = 10.0.40219.1
Project("{9A19103F-16F7-4668-BE54-9A1E7A4F7556}") = "Server", "ServerMain\Server.csproj", "{739E4A66-D387-4EA2-9013-1E8255517A1A}"
EndProject
Project("{9A19103F-16F7-4668-BE54-9A1E7A4F7556}") = "ServerTests", "ServerTests\ServerTests.csproj", "{807062E2-797D-411B-ACA6-AE1B43F33056}"
EndProject
Project("{9A19103F-16F7-4668-BE54-9A1E7A4F7556}") = "NetworkManager", "NetworkManager\NetworkManager.csproj", "{2B61DD46-B33D-4AB0-8529-5697F31A6AA0}"
EndProject
Project("{9A19103F-16F7-4668-BE54-9A1E7A4F7556}") = "NetworkManagerTests", "NetworkManagerTests\NetworkManagerTests.csproj", "{5D3A9F01-B172-41B2-96AC-0FB775916AA8}"
EndProject
Project("{9A19103F-16F7-4668-BE54-9A1E7A4F7556}") = "DataModel.Server", "DataModel.Server\DataModel.Server.csproj", "{3654D5EE-49EE-444A-90B3-C61344B55007}"
EndProject
Project("{9A19103F-16F7-4668-BE54-9A1E7A4F7556}") = "DataModel.Client", "DataModel.Client\DataModel.Client.csproj", "{7538FE8A-6152-4E18-B532-11DD68A5D41D}"
EndProject
Project("{9A19103F-16F7-4668-BE54-9A1E7A4F7556}") = "DataModel.Common", "DataModel\DataModel.Common.csproj", "{2F753F06-B6DD-43C3-A1BB-57042FAFCACE}"
EndProject
Project("{9A19103F-16F7-4668-BE54-9A1E7A4F7556}") = "DataModel.Tests", "DataModel.Tests\DataModel.Tests.csproj", "{AB6777AD-8A68-487D-8620-86DF1C91F79E}"
EndProject
Project("{9A19103F-16F7-4668-BE54-9A1E7A4F7556}") = "TestServer", "TestServer\TestServer.csproj", "{061FED0B-4839-471E-AE2A-5F8C7AA3535F}"
EndProject
Project("{9A19103F-16F7-4668-BE54-9A1E7A4F7556}") = "Client", "Client\Client.csproj", "{3FA8F3D2-A305-4B9E-BBC0-CB3AB182027D}"
EndProject
Global
	GlobalSection(SolutionConfigurationPlatforms) = preSolution
		Debug|Any CPU = Debug|Any CPU
		Release|Any CPU = Release|Any CPU
	EndGlobalSection
	GlobalSection(ProjectConfigurationPlatforms) = postSolution
		{739E4A66-D387-4EA2-9013-1E8255517A1A}.Debug|Any CPU.ActiveCfg = Debug|Any CPU
		{739E4A66-D387-4EA2-9013-1E8255517A1A}.Debug|Any CPU.Build.0 = Debug|Any CPU
		{739E4A66-D387-4EA2-9013-1E8255517A1A}.Release|Any CPU.ActiveCfg = Release|Any CPU
		{739E4A66-D387-4EA2-9013-1E8255517A1A}.Release|Any CPU.Build.0 = Release|Any CPU
		{807062E2-797D-411B-ACA6-AE1B43F33056}.Debug|Any CPU.ActiveCfg = Debug|Any CPU
		{807062E2-797D-411B-ACA6-AE1B43F33056}.Debug|Any CPU.Build.0 = Debug|Any CPU
		{807062E2-797D-411B-ACA6-AE1B43F33056}.Release|Any CPU.ActiveCfg = Release|Any CPU
		{807062E2-797D-411B-ACA6-AE1B43F33056}.Release|Any CPU.Build.0 = Release|Any CPU
		{2B61DD46-B33D-4AB0-8529-5697F31A6AA0}.Debug|Any CPU.ActiveCfg = Debug|Any CPU
		{2B61DD46-B33D-4AB0-8529-5697F31A6AA0}.Debug|Any CPU.Build.0 = Debug|Any CPU
		{2B61DD46-B33D-4AB0-8529-5697F31A6AA0}.Release|Any CPU.ActiveCfg = Release|Any CPU
		{2B61DD46-B33D-4AB0-8529-5697F31A6AA0}.Release|Any CPU.Build.0 = Release|Any CPU
		{5D3A9F01-B172-41B2-96AC-0FB775916AA8}.Debug|Any CPU.ActiveCfg = Debug|Any CPU
		{5D3A9F01-B172-41B2-96AC-0FB775916AA8}.Debug|Any CPU.Build.0 = Debug|Any CPU
		{5D3A9F01-B172-41B2-96AC-0FB775916AA8}.Release|Any CPU.ActiveCfg = Release|Any CPU
		{5D3A9F01-B172-41B2-96AC-0FB775916AA8}.Release|Any CPU.Build.0 = Release|Any CPU
		{3654D5EE-49EE-444A-90B3-C61344B55007}.Debug|Any CPU.ActiveCfg = Debug|Any CPU
		{3654D5EE-49EE-444A-90B3-C61344B55007}.Debug|Any CPU.Build.0 = Debug|Any CPU
		{3654D5EE-49EE-444A-90B3-C61344B55007}.Release|Any CPU.ActiveCfg = Release|Any CPU
		{3654D5EE-49EE-444A-90B3-C61344B55007}.Release|Any CPU.Build.0 = Release|Any CPU
		{7538FE8A-6152-4E18-B532-11DD68A5D41D}.Debug|Any CPU.ActiveCfg = Debug|Any CPU
		{7538FE8A-6152-4E18-B532-11DD68A5D41D}.Debug|Any CPU.Build.0 = Debug|Any CPU
		{7538FE8A-6152-4E18-B532-11DD68A5D41D}.Release|Any CPU.ActiveCfg = Release|Any CPU
		{7538FE8A-6152-4E18-B532-11DD68A5D41D}.Release|Any CPU.Build.0 = Release|Any CPU
		{2F753F06-B6DD-43C3-A1BB-57042FAFCACE}.Debug|Any CPU.ActiveCfg = Debug|Any CPU
		{2F753F06-B6DD-43C3-A1BB-57042FAFCACE}.Debug|Any CPU.Build.0 = Debug|Any CPU
		{2F753F06-B6DD-43C3-A1BB-57042FAFCACE}.Release|Any CPU.ActiveCfg = Release|Any CPU
		{2F753F06-B6DD-43C3-A1BB-57042FAFCACE}.Release|Any CPU.Build.0 = Release|Any CPU
		{AB6777AD-8A68-487D-8620-86DF1C91F79E}.Debug|Any CPU.ActiveCfg = Debug|Any CPU
		{AB6777AD-8A68-487D-8620-86DF1C91F79E}.Debug|Any CPU.Build.0 = Debug|Any CPU
		{AB6777AD-8A68-487D-8620-86DF1C91F79E}.Release|Any CPU.ActiveCfg = Release|Any CPU
		{AB6777AD-8A68-487D-8620-86DF1C91F79E}.Release|Any CPU.Build.0 = Release|Any CPU
		{061FED0B-4839-471E-AE2A-5F8C7AA3535F}.Debug|Any CPU.ActiveCfg = Debug|Any CPU
		{061FED0B-4839-471E-AE2A-5F8C7AA3535F}.Debug|Any CPU.Build.0 = Debug|Any CPU
		{061FED0B-4839-471E-AE2A-5F8C7AA3535F}.Release|Any CPU.ActiveCfg = Release|Any CPU
		{061FED0B-4839-471E-AE2A-5F8C7AA3535F}.Release|Any CPU.Build.0 = Release|Any CPU
		{3FA8F3D2-A305-4B9E-BBC0-CB3AB182027D}.Debug|Any CPU.ActiveCfg = Debug|Any CPU
		{3FA8F3D2-A305-4B9E-BBC0-CB3AB182027D}.Debug|Any CPU.Build.0 = Debug|Any CPU
		{3FA8F3D2-A305-4B9E-BBC0-CB3AB182027D}.Release|Any CPU.ActiveCfg = Release|Any CPU
		{3FA8F3D2-A305-4B9E-BBC0-CB3AB182027D}.Release|Any CPU.Build.0 = Release|Any CPU
	EndGlobalSection
	GlobalSection(SolutionProperties) = preSolution
		HideSolutionNode = FALSE
	EndGlobalSection
	GlobalSection(ExtensibilityGlobals) = postSolution
		SolutionGuid = {92EABE4C-B182-4041-9602-9E02E4230DA4}
	EndGlobalSection
EndGlobal
