
Microsoft Visual Studio Solution File, Format Version 12.00
# Visual Studio Version 16
VisualStudioVersion = 16.0.29009.5
MinimumVisualStudioVersion = 10.0.40219.1
Project("{FAE04EC0-301F-11D3-BF4B-00C04F79EFBC}") = "Server", "Server.csproj", "{739E4A66-D387-4EA2-9013-1E8255517A1A}"
EndProject
Project("{FAE04EC0-301F-11D3-BF4B-00C04F79EFBC}") = "GameModel", "..\GameModel\GameModel.csproj", "{49967A8D-1550-49A6-8384-24F7FFAEE4E3}"
EndProject
Global
	GlobalSection(SolutionConfigurationPlatforms) = preSolution
		Debug|Any CPU = Debug|Any CPU
		Release|Any CPU = Release|Any CPU
	EndGlobalSection
	GlobalSection(ProjectConfigurationPlatforms) = postSolution
		{739E4A66-D387-4EA2-9013-1E8255517A1A}.Debug|Any CPU.ActiveCfg = Debug|Any CPU
		{739E4A66-D387-4EA2-9013-1E8255517A1A}.Debug|Any CPU.Build.0 = Debug|Any CPU
		{739E4A66-D387-4EA2-9013-1E8255517A1A}.Release|Any CPU.ActiveCfg = Release|Any CPU
		{739E4A66-D387-4EA2-9013-1E8255517A1A}.Release|Any CPU.Build.0 = Release|Any CPU
		{49967A8D-1550-49A6-8384-24F7FFAEE4E3}.Debug|Any CPU.ActiveCfg = Debug|Any CPU
		{49967A8D-1550-49A6-8384-24F7FFAEE4E3}.Debug|Any CPU.Build.0 = Debug|Any CPU
		{49967A8D-1550-49A6-8384-24F7FFAEE4E3}.Release|Any CPU.ActiveCfg = Release|Any CPU
		{49967A8D-1550-49A6-8384-24F7FFAEE4E3}.Release|Any CPU.Build.0 = Release|Any CPU
	EndGlobalSection
	GlobalSection(SolutionProperties) = preSolution
		HideSolutionNode = FALSE
	EndGlobalSection
	GlobalSection(ExtensibilityGlobals) = postSolution
		SolutionGuid = {92EABE4C-B182-4041-9602-9E02E4230DA4}
	EndGlobalSection
EndGlobal
